{
  "name": "lke",
  "lockfileVersion": 2,
  "requires": true,
  "packages": {
    "": {
      "dependencies": {
        "react-native-mmkv": "^3.3.3"
      }
    },
    "node_modules/react-native-mmkv": {
      "version": "3.3.3",
      "resolved": "https://registry.npmjs.org/react-native-mmkv/-/react-native-mmkv-3.3.3.tgz",
      "integrity": "sha512-GMsfOmNzx0p5+CtrCFRVtpOOMYNJXuksBVARSQrCFaZwjUyHJdQzcN900GGaFFNTxw2fs8s5Xje//RDKj9+PZA==",
      "peerDependencies": {
        "react": "*",
        "react-native": "*"
      }
    }
  },
  "dependencies": {
    "react-native-mmkv": {
      "version": "3.3.3",
      "resolved": "https://registry.npmjs.org/react-native-mmkv/-/react-native-mmkv-3.3.3.tgz",
      "integrity": "sha512-GMsfOmNzx0p5+CtrCFRVtpOOMYNJXuksBVARSQrCFaZwjUyHJdQzcN900GGaFFNTxw2fs8s5Xje//RDKj9+PZA=="
    }
  }
}
